
Microsoft Visual Studio Solution File, Format Version 12.00
# Visual Studio 15
VisualStudioVersion = 15.0.28307.1169
MinimumVisualStudioVersion = 10.0.40219.1
Project("{FAE04EC0-301F-11D3-BF4B-00C04F79EFBC}") = "DealDouble.Web", "DealDouble.Web\DealDouble.Web.csproj", "{753ADE6C-4002-477E-B106-EE9119816E3B}"
EndProject
Project("{FAE04EC0-301F-11D3-BF4B-00C04F79EFBC}") = "DealDouble.Entities", "DealDouble.Entities\DealDouble.Entities.csproj", "{F7666F87-F082-417E-85C4-557036B09904}"
EndProject
Project("{FAE04EC0-301F-11D3-BF4B-00C04F79EFBC}") = "DealDouble.Data", "DealDouble.Data\DealDouble.Data.csproj", "{CA7BE783-7246-4555-8419-B5F571F5332D}"
EndProject
Global
	GlobalSection(SolutionConfigurationPlatforms) = preSolution
		Debug|Any CPU = Debug|Any CPU
		Release|Any CPU = Release|Any CPU
	EndGlobalSection
	GlobalSection(ProjectConfigurationPlatforms) = postSolution
		{753ADE6C-4002-477E-B106-EE9119816E3B}.Debug|Any CPU.ActiveCfg = Debug|Any CPU
		{753ADE6C-4002-477E-B106-EE9119816E3B}.Debug|Any CPU.Build.0 = Debug|Any CPU
		{753ADE6C-4002-477E-B106-EE9119816E3B}.Release|Any CPU.ActiveCfg = Release|Any CPU
		{753ADE6C-4002-477E-B106-EE9119816E3B}.Release|Any CPU.Build.0 = Release|Any CPU
		{F7666F87-F082-417E-85C4-557036B09904}.Debug|Any CPU.ActiveCfg = Debug|Any CPU
		{F7666F87-F082-417E-85C4-557036B09904}.Debug|Any CPU.Build.0 = Debug|Any CPU
		{F7666F87-F082-417E-85C4-557036B09904}.Release|Any CPU.ActiveCfg = Release|Any CPU
		{F7666F87-F082-417E-85C4-557036B09904}.Release|Any CPU.Build.0 = Release|Any CPU
		{CA7BE783-7246-4555-8419-B5F571F5332D}.Debug|Any CPU.ActiveCfg = Debug|Any CPU
		{CA7BE783-7246-4555-8419-B5F571F5332D}.Debug|Any CPU.Build.0 = Debug|Any CPU
		{CA7BE783-7246-4555-8419-B5F571F5332D}.Release|Any CPU.ActiveCfg = Release|Any CPU
		{CA7BE783-7246-4555-8419-B5F571F5332D}.Release|Any CPU.Build.0 = Release|Any CPU
	EndGlobalSection
	GlobalSection(SolutionProperties) = preSolution
		HideSolutionNode = FALSE
	EndGlobalSection
	GlobalSection(ExtensibilityGlobals) = postSolution
		SolutionGuid = {3A8AC711-8771-4696-8190-CC4D5DE1B98C}
	EndGlobalSection
EndGlobal
